
Microsoft Visual Studio Solution File, Format Version 12.00
# Visual Studio Version 17
VisualStudioVersion = 17.13.35828.75 d17.13
MinimumVisualStudioVersion = 10.0.40219.1
Project("{FAE04EC0-301F-11D3-BF4B-00C04F79EFBC}") = "002_Format_cs", "002_Format_cs\002_Format_cs.csproj", "{8E3879E8-0A89-40FC-B81B-583A71A68781}"
EndProject
Global
	GlobalSection(SolutionConfigurationPlatforms) = preSolution
		Debug|Any CPU = Debug|Any CPU
		Release|Any CPU = Release|Any CPU
	EndGlobalSection
	GlobalSection(ProjectConfigurationPlatforms) = postSolution
		{8E3879E8-0A89-40FC-B81B-583A71A68781}.Debug|Any CPU.ActiveCfg = Debug|Any CPU
		{8E3879E8-0A89-40FC-B81B-583A71A68781}.Debug|Any CPU.Build.0 = Debug|Any CPU
		{8E3879E8-0A89-40FC-B81B-583A71A68781}.Release|Any CPU.ActiveCfg = Release|Any CPU
		{8E3879E8-0A89-40FC-B81B-583A71A68781}.Release|Any CPU.Build.0 = Release|Any CPU
	EndGlobalSection
	GlobalSection(SolutionProperties) = preSolution
		HideSolutionNode = FALSE
	EndGlobalSection
	GlobalSection(ExtensibilityGlobals) = postSolution
		SolutionGuid = {4581E2D4-A043-462B-B7A9-792200FF2BE0}
	EndGlobalSection
EndGlobal
