
Microsoft Visual Studio Solution File, Format Version 12.00
# Visual Studio Version 17
VisualStudioVersion = 17.13.35828.75 d17.13
MinimumVisualStudioVersion = 10.0.40219.1
Project("{FAE04EC0-301F-11D3-BF4B-00C04F79EFBC}") = "012_ComboBox_grade", "012_ComboBox_grade\012_ComboBox_grade.csproj", "{A24593E8-0984-4753-BBF5-83EDFA53F02A}"
EndProject
Global
	GlobalSection(SolutionConfigurationPlatforms) = preSolution
		Debug|Any CPU = Debug|Any CPU
		Release|Any CPU = Release|Any CPU
	EndGlobalSection
	GlobalSection(ProjectConfigurationPlatforms) = postSolution
		{A24593E8-0984-4753-BBF5-83EDFA53F02A}.Debug|Any CPU.ActiveCfg = Debug|Any CPU
		{A24593E8-0984-4753-BBF5-83EDFA53F02A}.Debug|Any CPU.Build.0 = Debug|Any CPU
		{A24593E8-0984-4753-BBF5-83EDFA53F02A}.Release|Any CPU.ActiveCfg = Release|Any CPU
		{A24593E8-0984-4753-BBF5-83EDFA53F02A}.Release|Any CPU.Build.0 = Release|Any CPU
	EndGlobalSection
	GlobalSection(SolutionProperties) = preSolution
		HideSolutionNode = FALSE
	EndGlobalSection
	GlobalSection(ExtensibilityGlobals) = postSolution
		SolutionGuid = {85526FE1-2B3A-4614-B870-F7E98F52634D}
	EndGlobalSection
EndGlobal
