
Microsoft Visual Studio Solution File, Format Version 12.00
# Visual Studio Version 17
VisualStudioVersion = 17.13.35828.75 d17.13
MinimumVisualStudioVersion = 10.0.40219.1
Project("{FAE04EC0-301F-11D3-BF4B-00C04F79EFBC}") = "004_name", "004_name\004_name.csproj", "{EFE2E673-E5C7-45DB-A5BF-CC44C09E3A74}"
EndProject
Global
	GlobalSection(SolutionConfigurationPlatforms) = preSolution
		Debug|Any CPU = Debug|Any CPU
		Release|Any CPU = Release|Any CPU
	EndGlobalSection
	GlobalSection(ProjectConfigurationPlatforms) = postSolution
		{EFE2E673-E5C7-45DB-A5BF-CC44C09E3A74}.Debug|Any CPU.ActiveCfg = Debug|Any CPU
		{EFE2E673-E5C7-45DB-A5BF-CC44C09E3A74}.Debug|Any CPU.Build.0 = Debug|Any CPU
		{EFE2E673-E5C7-45DB-A5BF-CC44C09E3A74}.Release|Any CPU.ActiveCfg = Release|Any CPU
		{EFE2E673-E5C7-45DB-A5BF-CC44C09E3A74}.Release|Any CPU.Build.0 = Release|Any CPU
	EndGlobalSection
	GlobalSection(SolutionProperties) = preSolution
		HideSolutionNode = FALSE
	EndGlobalSection
	GlobalSection(ExtensibilityGlobals) = postSolution
		SolutionGuid = {4722F60B-B0DA-42D0-90D8-679AD07CFDC1}
	EndGlobalSection
EndGlobal
