
Microsoft Visual Studio Solution File, Format Version 12.00
# Visual Studio Version 17
VisualStudioVersion = 17.13.35828.75 d17.13
MinimumVisualStudioVersion = 10.0.40219.1
Project("{FAE04EC0-301F-11D3-BF4B-00C04F79EFBC}") = "014_TwoGraph", "014_TwoGraph\014_TwoGraph.csproj", "{8C50AD89-2D4D-4847-810C-6A8FAE86507F}"
EndProject
Global
	GlobalSection(SolutionConfigurationPlatforms) = preSolution
		Debug|Any CPU = Debug|Any CPU
		Release|Any CPU = Release|Any CPU
	EndGlobalSection
	GlobalSection(ProjectConfigurationPlatforms) = postSolution
		{8C50AD89-2D4D-4847-810C-6A8FAE86507F}.Debug|Any CPU.ActiveCfg = Debug|Any CPU
		{8C50AD89-2D4D-4847-810C-6A8FAE86507F}.Debug|Any CPU.Build.0 = Debug|Any CPU
		{8C50AD89-2D4D-4847-810C-6A8FAE86507F}.Release|Any CPU.ActiveCfg = Release|Any CPU
		{8C50AD89-2D4D-4847-810C-6A8FAE86507F}.Release|Any CPU.Build.0 = Release|Any CPU
	EndGlobalSection
	GlobalSection(SolutionProperties) = preSolution
		HideSolutionNode = FALSE
	EndGlobalSection
	GlobalSection(ExtensibilityGlobals) = postSolution
		SolutionGuid = {33B26BBF-BF35-44FC-9C79-861D36EDCAD7}
	EndGlobalSection
EndGlobal
